
Microsoft Visual Studio Solution File, Format Version 12.00
# Visual Studio Version 16
VisualStudioVersion = 16.0.29709.97
MinimumVisualStudioVersion = 10.0.40219.1
Project("{FAE04EC0-301F-11D3-BF4B-00C04F79EFBC}") = "Entities", "Entities\Entities.csproj", "{76C5FE24-873D-485F-8F08-27658D802F60}"
EndProject
Project("{FAE04EC0-301F-11D3-BF4B-00C04F79EFBC}") = "Aplication", "Aplication\Aplication.csproj", "{8A83C047-3C3F-4B03-BCE8-B94FF3AFE886}"
EndProject
Project("{FAE04EC0-301F-11D3-BF4B-00C04F79EFBC}") = "ORM", "ORM\ORM.csproj", "{80A119F7-1007-40C8-BE1D-5E8748D4A09E}"
EndProject
Global
	GlobalSection(SolutionConfigurationPlatforms) = preSolution
		Debug|Any CPU = Debug|Any CPU
		Release|Any CPU = Release|Any CPU
	EndGlobalSection
	GlobalSection(ProjectConfigurationPlatforms) = postSolution
		{76C5FE24-873D-485F-8F08-27658D802F60}.Debug|Any CPU.ActiveCfg = Debug|Any CPU
		{76C5FE24-873D-485F-8F08-27658D802F60}.Debug|Any CPU.Build.0 = Debug|Any CPU
		{76C5FE24-873D-485F-8F08-27658D802F60}.Release|Any CPU.ActiveCfg = Release|Any CPU
		{76C5FE24-873D-485F-8F08-27658D802F60}.Release|Any CPU.Build.0 = Release|Any CPU
		{8A83C047-3C3F-4B03-BCE8-B94FF3AFE886}.Debug|Any CPU.ActiveCfg = Debug|Any CPU
		{8A83C047-3C3F-4B03-BCE8-B94FF3AFE886}.Debug|Any CPU.Build.0 = Debug|Any CPU
		{8A83C047-3C3F-4B03-BCE8-B94FF3AFE886}.Release|Any CPU.ActiveCfg = Release|Any CPU
		{8A83C047-3C3F-4B03-BCE8-B94FF3AFE886}.Release|Any CPU.Build.0 = Release|Any CPU
		{80A119F7-1007-40C8-BE1D-5E8748D4A09E}.Debug|Any CPU.ActiveCfg = Debug|Any CPU
		{80A119F7-1007-40C8-BE1D-5E8748D4A09E}.Debug|Any CPU.Build.0 = Debug|Any CPU
		{80A119F7-1007-40C8-BE1D-5E8748D4A09E}.Release|Any CPU.ActiveCfg = Release|Any CPU
		{80A119F7-1007-40C8-BE1D-5E8748D4A09E}.Release|Any CPU.Build.0 = Release|Any CPU
	EndGlobalSection
	GlobalSection(SolutionProperties) = preSolution
		HideSolutionNode = FALSE
	EndGlobalSection
	GlobalSection(ExtensibilityGlobals) = postSolution
		SolutionGuid = {E1120A1A-BFF3-49F4-88E3-A3CC88FD3E95}
	EndGlobalSection
EndGlobal
